
Microsoft Visual Studio Solution File, Format Version 12.00
# Visual Studio Version 17
VisualStudioVersion = 17.3.32825.248
MinimumVisualStudioVersion = 10.0.40219.1
Project("{FAE04EC0-301F-11D3-BF4B-00C04F79EFBC}") = "Serialization", "Serialization\Serialization.csproj", "{45962839-C729-4DDA-A730-A7A62ED0F775}"
EndProject
Project("{FAE04EC0-301F-11D3-BF4B-00C04F79EFBC}") = "FilesAndStream", "FilesAndStream\FilesAndStream.csproj", "{BBDC076D-FA68-4E9E-BE2C-C8AEDECFE50C}"
EndProject
Global
	GlobalSection(SolutionConfigurationPlatforms) = preSolution
		Debug|Any CPU = Debug|Any CPU
		Release|Any CPU = Release|Any CPU
	EndGlobalSection
	GlobalSection(ProjectConfigurationPlatforms) = postSolution
		{45962839-C729-4DDA-A730-A7A62ED0F775}.Debug|Any CPU.ActiveCfg = Debug|Any CPU
		{45962839-C729-4DDA-A730-A7A62ED0F775}.Debug|Any CPU.Build.0 = Debug|Any CPU
		{45962839-C729-4DDA-A730-A7A62ED0F775}.Release|Any CPU.ActiveCfg = Release|Any CPU
		{45962839-C729-4DDA-A730-A7A62ED0F775}.Release|Any CPU.Build.0 = Release|Any CPU
		{BBDC076D-FA68-4E9E-BE2C-C8AEDECFE50C}.Debug|Any CPU.ActiveCfg = Debug|Any CPU
		{BBDC076D-FA68-4E9E-BE2C-C8AEDECFE50C}.Debug|Any CPU.Build.0 = Debug|Any CPU
		{BBDC076D-FA68-4E9E-BE2C-C8AEDECFE50C}.Release|Any CPU.ActiveCfg = Release|Any CPU
		{BBDC076D-FA68-4E9E-BE2C-C8AEDECFE50C}.Release|Any CPU.Build.0 = Release|Any CPU
	EndGlobalSection
	GlobalSection(SolutionProperties) = preSolution
		HideSolutionNode = FALSE
	EndGlobalSection
	GlobalSection(ExtensibilityGlobals) = postSolution
		SolutionGuid = {3EEDED1B-A012-4037-B64E-592F62809004}
	EndGlobalSection
EndGlobal
